# This file is autogenerated, do not edit; changes may be undone by the next 'dep ensure'.


[[projects]]
  name = "github.com/go-ini/ini"
  packages = ["."]
  revision = "6529cf7c58879c08d927016dde4477f18a0634cb"
  version = "v1.36.0"

[[projects]]
  branch = "master"
  name = "github.com/nfnt/resize"
  packages = ["."]
  revision = "83c6a9932646f83e3267f353373d47347b6036b2"

[solve-meta]
  analyzer-name = "dep"
  analyzer-version = 1
  inputs-digest = "0e8814a12da6450b3f139a7d0593ddac65b857d42670fa05104024362a11dec5"
  solver-name = "gps-cdcl"
  solver-version = 1
